
Microsoft Visual Studio Solution File, Format Version 12.00
# Visual Studio Version 17
VisualStudioVersion = 17.4.33205.214
MinimumVisualStudioVersion = 10.0.40219.1
Project("{FAE04EC0-301F-11D3-BF4B-00C04F79EFBC}") = "SCDataSync", "SCDataSync\SCDataSync.csproj", "{7775FFA1-3558-482E-A7BF-DD0057A8AE07}"
EndProject
Global
	GlobalSection(SolutionConfigurationPlatforms) = preSolution
		Debug|Any CPU = Debug|Any CPU
		Release|Any CPU = Release|Any CPU
	EndGlobalSection
	GlobalSection(ProjectConfigurationPlatforms) = postSolution
		{7775FFA1-3558-482E-A7BF-DD0057A8AE07}.Debug|Any CPU.ActiveCfg = Debug|Any CPU
		{7775FFA1-3558-482E-A7BF-DD0057A8AE07}.Debug|Any CPU.Build.0 = Debug|Any CPU
		{7775FFA1-3558-482E-A7BF-DD0057A8AE07}.Release|Any CPU.ActiveCfg = Release|Any CPU
		{7775FFA1-3558-482E-A7BF-DD0057A8AE07}.Release|Any CPU.Build.0 = Release|Any CPU
	EndGlobalSection
	GlobalSection(SolutionProperties) = preSolution
		HideSolutionNode = FALSE
	EndGlobalSection
	GlobalSection(ExtensibilityGlobals) = postSolution
		SolutionGuid = {211E7929-AD60-4BC4-B179-D39C17C882B2}
	EndGlobalSection
EndGlobal
